
Microsoft Visual Studio Solution File, Format Version 12.00
# Visual Studio Version 17
VisualStudioVersion = 17.3.32929.385
MinimumVisualStudioVersion = 10.0.40219.1
Project("{FAE04EC0-301F-11D3-BF4B-00C04F79EFBC}") = "CheatCheck", "CheatCheck\CheatCheck.csproj", "{719C9D7F-30BB-4179-9BD1-7B439B278575}"
EndProject
Global
	GlobalSection(SolutionConfigurationPlatforms) = preSolution
		Debug|Any CPU = Debug|Any CPU
		Release|Any CPU = Release|Any CPU
	EndGlobalSection
	GlobalSection(ProjectConfigurationPlatforms) = postSolution
		{719C9D7F-30BB-4179-9BD1-7B439B278575}.Debug|Any CPU.ActiveCfg = Debug|Any CPU
		{719C9D7F-30BB-4179-9BD1-7B439B278575}.Debug|Any CPU.Build.0 = Debug|Any CPU
		{719C9D7F-30BB-4179-9BD1-7B439B278575}.Release|Any CPU.ActiveCfg = Release|Any CPU
		{719C9D7F-30BB-4179-9BD1-7B439B278575}.Release|Any CPU.Build.0 = Release|Any CPU
	EndGlobalSection
	GlobalSection(SolutionProperties) = preSolution
		HideSolutionNode = FALSE
	EndGlobalSection
	GlobalSection(ExtensibilityGlobals) = postSolution
		SolutionGuid = {6ED9DF43-8A72-4EB0-AF0C-CBDA37353B46}
	EndGlobalSection
EndGlobal
